
Microsoft Visual Studio Solution File, Format Version 12.00
# Visual Studio Version 17
VisualStudioVersion = 17.11.35312.102
MinimumVisualStudioVersion = 10.0.40219.1
Project("{FAE04EC0-301F-11D3-BF4B-00C04F79EFBC}") = "EstructuraDeDatos", "EstructuraDeDatos\EstructuraDeDatos.csproj", "{49C8C5EE-E467-4842-BD97-FB4F77D06D90}"
EndProject
Global
	GlobalSection(SolutionConfigurationPlatforms) = preSolution
		Debug|Any CPU = Debug|Any CPU
		Release|Any CPU = Release|Any CPU
	EndGlobalSection
	GlobalSection(ProjectConfigurationPlatforms) = postSolution
		{49C8C5EE-E467-4842-BD97-FB4F77D06D90}.Debug|Any CPU.ActiveCfg = Debug|Any CPU
		{49C8C5EE-E467-4842-BD97-FB4F77D06D90}.Debug|Any CPU.Build.0 = Debug|Any CPU
		{49C8C5EE-E467-4842-BD97-FB4F77D06D90}.Release|Any CPU.ActiveCfg = Release|Any CPU
		{49C8C5EE-E467-4842-BD97-FB4F77D06D90}.Release|Any CPU.Build.0 = Release|Any CPU
	EndGlobalSection
	GlobalSection(SolutionProperties) = preSolution
		HideSolutionNode = FALSE
	EndGlobalSection
	GlobalSection(ExtensibilityGlobals) = postSolution
		SolutionGuid = {55ABDC13-D3EB-41F1-9FC6-1FEF7280C323}
	EndGlobalSection
EndGlobal
